
Microsoft Visual Studio Solution File, Format Version 12.00
# Visual Studio Version 16
VisualStudioVersion = 16.0.31515.178
MinimumVisualStudioVersion = 10.0.40219.1
Project("{888888A0-9F3D-457C-B088-3A5042F75D52}") = "CIS261 ProjectPhase3", "CIS261 ProjectPhase3.pyproj", "{386A3898-7690-4A8E-A05D-A3D44C1A673F}"
EndProject
Global
	GlobalSection(SolutionConfigurationPlatforms) = preSolution
		Debug|Any CPU = Debug|Any CPU
		Release|Any CPU = Release|Any CPU
	EndGlobalSection
	GlobalSection(ProjectConfigurationPlatforms) = postSolution
		{386A3898-7690-4A8E-A05D-A3D44C1A673F}.Debug|Any CPU.ActiveCfg = Debug|Any CPU
		{386A3898-7690-4A8E-A05D-A3D44C1A673F}.Release|Any CPU.ActiveCfg = Release|Any CPU
	EndGlobalSection
	GlobalSection(SolutionProperties) = preSolution
		HideSolutionNode = FALSE
	EndGlobalSection
	GlobalSection(ExtensibilityGlobals) = postSolution
		SolutionGuid = {4E01ED63-7B2F-4FE7-82A6-82B673F84021}
	EndGlobalSection
EndGlobal
